
Microsoft Visual Studio Solution File, Format Version 12.00
# Visual Studio 2013
VisualStudioVersion = 12.0.30501.0
MinimumVisualStudioVersion = 10.0.40219.1
Project("{2150E333-8FDC-42A3-9474-1A3956D46DE8}") = ".nuget", ".nuget", "{C9FDDF91-DA41-4BD4-9837-1C2B2847F2B7}"
	ProjectSection(SolutionItems) = preProject
		.nuget\NuGet.Config = .nuget\NuGet.Config
		.nuget\NuGet.exe = .nuget\NuGet.exe
		.nuget\NuGet.targets = .nuget\NuGet.targets
	EndProjectSection
EndProject
Project("{FAE04EC0-301F-11D3-BF4B-00C04F79EFBC}") = "GoAhead.Web", "GoAhead.Web\GoAhead.Web.csproj", "{D2993F6D-0DA7-4E55-A3C8-C4B9D014B4B0}"
EndProject
Project("{FAE04EC0-301F-11D3-BF4B-00C04F79EFBC}") = "GoAhead.Service", "GoAhead.Service\GoAhead.Service.csproj", "{C0CDC089-F8C8-4398-9E8D-318A2581588A}"
EndProject
Project("{FAE04EC0-301F-11D3-BF4B-00C04F79EFBC}") = "GoAhead.Contracts", "GoAhead.Contracts\GoAhead.Contracts.csproj", "{6FA16FDC-7C1C-4C36-B204-1FB968E0E0D0}"
EndProject
Project("{FAE04EC0-301F-11D3-BF4B-00C04F79EFBC}") = "GoAhead.Core", "GoAhead.Core\GoAhead.Core.csproj", "{75639511-5093-4001-BB0D-D87A09DF64C5}"
EndProject
Global
	GlobalSection(SolutionConfigurationPlatforms) = preSolution
		Debug|Any CPU = Debug|Any CPU
		Release|Any CPU = Release|Any CPU
	EndGlobalSection
	GlobalSection(ProjectConfigurationPlatforms) = postSolution
		{D2993F6D-0DA7-4E55-A3C8-C4B9D014B4B0}.Debug|Any CPU.ActiveCfg = Debug|Any CPU
		{D2993F6D-0DA7-4E55-A3C8-C4B9D014B4B0}.Debug|Any CPU.Build.0 = Debug|Any CPU
		{D2993F6D-0DA7-4E55-A3C8-C4B9D014B4B0}.Release|Any CPU.ActiveCfg = Release|Any CPU
		{D2993F6D-0DA7-4E55-A3C8-C4B9D014B4B0}.Release|Any CPU.Build.0 = Release|Any CPU
		{C0CDC089-F8C8-4398-9E8D-318A2581588A}.Debug|Any CPU.ActiveCfg = Debug|Any CPU
		{C0CDC089-F8C8-4398-9E8D-318A2581588A}.Debug|Any CPU.Build.0 = Debug|Any CPU
		{C0CDC089-F8C8-4398-9E8D-318A2581588A}.Release|Any CPU.ActiveCfg = Release|Any CPU
		{C0CDC089-F8C8-4398-9E8D-318A2581588A}.Release|Any CPU.Build.0 = Release|Any CPU
		{6FA16FDC-7C1C-4C36-B204-1FB968E0E0D0}.Debug|Any CPU.ActiveCfg = Debug|Any CPU
		{6FA16FDC-7C1C-4C36-B204-1FB968E0E0D0}.Debug|Any CPU.Build.0 = Debug|Any CPU
		{6FA16FDC-7C1C-4C36-B204-1FB968E0E0D0}.Release|Any CPU.ActiveCfg = Release|Any CPU
		{6FA16FDC-7C1C-4C36-B204-1FB968E0E0D0}.Release|Any CPU.Build.0 = Release|Any CPU
		{75639511-5093-4001-BB0D-D87A09DF64C5}.Debug|Any CPU.ActiveCfg = Debug|Any CPU
		{75639511-5093-4001-BB0D-D87A09DF64C5}.Debug|Any CPU.Build.0 = Debug|Any CPU
		{75639511-5093-4001-BB0D-D87A09DF64C5}.Release|Any CPU.ActiveCfg = Release|Any CPU
		{75639511-5093-4001-BB0D-D87A09DF64C5}.Release|Any CPU.Build.0 = Release|Any CPU
	EndGlobalSection
	GlobalSection(SolutionProperties) = preSolution
		HideSolutionNode = FALSE
	EndGlobalSection
EndGlobal
